[[package]]
name = "argparse"
version = "1.4.0"
description = "Python command-line parsing library"
category = "main"
optional = false
python-versions = "*"

[[package]]
name = "caribou"
version = "0.3"
description = "python migrations for sqlite databases"
category = "main"
optional = false
python-versions = "*"

[package.dependencies]
argparse = ">=1.0.0"

[metadata]
lock-version = "1.1"
python-versions = "^3.8"
content-hash = "1ab9c0ba220d3e320b55052a336244672725e2435a02c457bcb365b2b300de2a"

[metadata.files]
argparse = [
    {file = "argparse-1.4.0-py2.py3-none-any.whl", hash = "sha256:c31647edb69fd3d465a847ea3157d37bed1f95f19760b11a47aa91c04b666314"},
    {file = "argparse-1.4.0.tar.gz", hash = "sha256:62b089a55be1d8949cd2bc7e0df0bddb9e028faefc8c32038cc84862aefdd6e4"},
]
caribou = [
    {file = "caribou-0.3.0.tar.gz", hash = "sha256:5ca6e6e6ad7d3175137c68d809e203fbd931f79163a5613808a789449fef7863"},
]
